# This file is autogenerated, do not edit; changes may be undone by the next 'dep ensure'.


[[projects]]
  digest = "1:631757aef84dd471e4ba8242ac6affcccfc2c4c6d9c8c45e47b0d8fe8fd82de1"
  name = "github.com/go-chi/chi"
  packages = [
    ".",
    "middleware",
  ]
  pruneopts = "UT"
  revision = "1a6bb108ccf279c8dac6f9bad857d773b4f9b421"
  version = "v4.0.1"

[solve-meta]
  analyzer-name = "dep"
  analyzer-version = 1
  input-imports = [
    "github.com/go-chi/chi",
    "github.com/go-chi/chi/middleware",
  ]
  solver-name = "gps-cdcl"
  solver-version = 1
